
Microsoft Visual Studio Solution File, Format Version 12.00
# Visual Studio Version 17
VisualStudioVersion = 17.2.32526.322
MinimumVisualStudioVersion = 10.0.40219.1
Project("{FAE04EC0-301F-11D3-BF4B-00C04F79EFBC}") = "Desktop", "Desktop\Desktop.csproj", "{F8B42A27-FB52-4E11-8E33-CB059218DAF3}"
	ProjectSection(ProjectDependencies) = postProject
		{27BAE333-1EAF-4E7E-B470-22A181DADBE9} = {27BAE333-1EAF-4E7E-B470-22A181DADBE9}
	EndProjectSection
EndProject
Project("{FAE04EC0-301F-11D3-BF4B-00C04F79EFBC}") = "Entities", "Entities\Entities.csproj", "{27BAE333-1EAF-4E7E-B470-22A181DADBE9}"
EndProject
Global
	GlobalSection(SolutionConfigurationPlatforms) = preSolution
		Debug|Any CPU = Debug|Any CPU
		Release|Any CPU = Release|Any CPU
	EndGlobalSection
	GlobalSection(ProjectConfigurationPlatforms) = postSolution
		{F8B42A27-FB52-4E11-8E33-CB059218DAF3}.Debug|Any CPU.ActiveCfg = Debug|Any CPU
		{F8B42A27-FB52-4E11-8E33-CB059218DAF3}.Debug|Any CPU.Build.0 = Debug|Any CPU
		{F8B42A27-FB52-4E11-8E33-CB059218DAF3}.Release|Any CPU.ActiveCfg = Release|Any CPU
		{F8B42A27-FB52-4E11-8E33-CB059218DAF3}.Release|Any CPU.Build.0 = Release|Any CPU
		{27BAE333-1EAF-4E7E-B470-22A181DADBE9}.Debug|Any CPU.ActiveCfg = Debug|Any CPU
		{27BAE333-1EAF-4E7E-B470-22A181DADBE9}.Debug|Any CPU.Build.0 = Debug|Any CPU
		{27BAE333-1EAF-4E7E-B470-22A181DADBE9}.Release|Any CPU.ActiveCfg = Release|Any CPU
		{27BAE333-1EAF-4E7E-B470-22A181DADBE9}.Release|Any CPU.Build.0 = Release|Any CPU
	EndGlobalSection
	GlobalSection(SolutionProperties) = preSolution
		HideSolutionNode = FALSE
	EndGlobalSection
	GlobalSection(ExtensibilityGlobals) = postSolution
		SolutionGuid = {ED1E38C1-F1D2-499B-AFEF-3B18B986CD60}
	EndGlobalSection
EndGlobal
